// !$*UTF8*$!
{
	archiveVersion = 1;
	classes = {
	};
	objectVersion = 50;
	objects = {

/* Begin PBXBuildFile section */
		13986ABA252F50E500FA3F4E /* AppDelegate.swift in Sources */ = {isa = PBXBuildFile; fileRef = 13986AB9252F50E400FA3F4E /* AppDelegate.swift */; };
		13986ABC252F50E500FA3F4E /* SceneDelegate.swift in Sources */ = {isa = PBXBuildFile; fileRef = 13986ABB252F50E500FA3F4E /* SceneDelegate.swift */; };
		13986ABE252F50E500FA3F4E /* ViewController.swift in Sources */ = {isa = PBXBuildFile; fileRef = 13986ABD252F50E500FA3F4E /* ViewController.swift */; };
		13986AC1252F50E500FA3F4E /* Main.storyboard in Resources */ = {isa = PBXBuildFile; fileRef = 13986ABF252F50E500FA3F4E /* Main.storyboard */; };
		13986AC3252F50E700FA3F4E /* Assets.xcassets in Resources */ = {isa = PBXBuildFile; fileRef = 13986AC2252F50E700FA3F4E /* Assets.xcassets */; };
		13986AC6252F50E700FA3F4E /* LaunchScreen.storyboard in Resources */ = {isa = PBXBuildFile; fileRef = 13986AC4252F50E700FA3F4E /* LaunchScreen.storyboard */; };
		13986AD1252F50E800FA3F4E /* AskQuestionTests.swift in Sources */ = {isa = PBXBuildFile; fileRef = 13986AD0252F50E800FA3F4E /* AskQuestionTests.swift */; };
		13986ADC252F50E800FA3F4E /* AskQuestionUITests.swift in Sources */ = {isa = PBXBuildFile; fileRef = 13986ADB252F50E800FA3F4E /* AskQuestionUITests.swift */; };
/* End PBXBuildFile section */

/* Begin PBXContainerItemProxy section */
		13986ACD252F50E800FA3F4E /* PBXContainerItemProxy */ = {
			isa = PBXContainerItemProxy;
			containerPortal = 13986AAE252F50E400FA3F4E /* Project object */;
			proxyType = 1;
			remoteGlobalIDString = 13986AB5252F50E400FA3F4E;
			remoteInfo = AskQuestion;
		};
		13986AD8252F50E800FA3F4E /* PBXContainerItemProxy */ = {
			isa = PBXContainerItemProxy;
			containerPortal = 13986AAE252F50E400FA3F4E /* Project object */;
			proxyType = 1;
			remoteGlobalIDString = 13986AB5252F50E400FA3F4E;
			remoteInfo = AskQuestion;
		};
/* End PBXContainerItemProxy section */

/* Begin PBXFileReference section */
		13986AB6252F50E400FA3F4E /* AskQuestion.app */ = {isa = PBXFileReference; explicitFileType = wrapper.application; includeInIndex = 0; path = AskQuestion.app; sourceTree = BUILT_PRODUCTS_DIR; };
		13986AB9252F50E400FA3F4E /* AppDelegate.swift */ = {isa = PBXFileReference; lastKnownFileType = sourcecode.swift; path = AppDelegate.swift; sourceTree = "<group>"; };
		13986ABB252F50E500FA3F4E /* SceneDelegate.swift */ = {isa = PBXFileReference; lastKnownFileType = sourcecode.swift; path = SceneDelegate.swift; sourceTree = "<group>"; };
		13986ABD252F50E500FA3F4E /* ViewController.swift */ = {isa = PBXFileReference; lastKnownFileType = sourcecode.swift; path = ViewController.swift; sourceTree = "<group>"; };
		13986AC0252F50E500FA3F4E /* Base */ = {isa = PBXFileReference; lastKnownFileType = file.storyboard; name = Base; path = Base.lproj/Main.storyboard; sourceTree = "<group>"; };
		13986AC2252F50E700FA3F4E /* Assets.xcassets */ = {isa = PBXFileReference; lastKnownFileType = folder.assetcatalog; path = Assets.xcassets; sourceTree = "<group>"; };
		13986AC5252F50E700FA3F4E /* Base */ = {isa = PBXFileReference; lastKnownFileType = file.storyboard; name = Base; path = Base.lproj/LaunchScreen.storyboard; sourceTree = "<group>"; };
		13986AC7252F50E700FA3F4E /* Info.plist */ = {isa = PBXFileReference; lastKnownFileType = text.plist.xml; path = Info.plist; sourceTree = "<group>"; };
		13986ACC252F50E800FA3F4E /* AskQuestionTests.xctest */ = {isa = PBXFileReference; explicitFileType = wrapper.cfbundle; includeInIndex = 0; path = AskQuestionTests.xctest; sourceTree = BUILT_PRODUCTS_DIR; };
		13986AD0252F50E800FA3F4E /* AskQuestionTests.swift */ = {isa = PBXFileReference; lastKnownFileType = sourcecode.swift; path = AskQuestionTests.swift; sourceTree = "<group>"; };
		13986AD2252F50E800FA3F4E /* Info.plist */ = {isa = PBXFileReference; lastKnownFileType = text.plist.xml; path = Info.plist; sourceTree = "<group>"; };
		13986AD7252F50E800FA3F4E /* AskQuestionUITests.xctest */ = {isa = PBXFileReference; explicitFileType = wrapper.cfbundle; includeInIndex = 0; path = AskQuestionUITests.xctest; sourceTree = BUILT_PRODUCTS_DIR; };
		13986ADB252F50E800FA3F4E /* AskQuestionUITests.swift */ = {isa = PBXFileReference; lastKnownFileType = sourcecode.swift; path = AskQuestionUITests.swift; sourceTree = "<group>"; };
		13986ADD252F50E800FA3F4E /* Info.plist */ = {isa = PBXFileReference; lastKnownFileType = text.plist.xml; path = Info.plist; sourceTree = "<group>"; };
/* End PBXFileReference section */

/* Begin PBXFrameworksBuildPhase section */
		13986AB3252F50E400FA3F4E /* Frameworks */ = {
			isa = PBXFrameworksBuildPhase;
			buildActionMask = 2147483647;
			files = (
			);
			runOnlyForDeploymentPostprocessing = 0;
		};
		13986AC9252F50E800FA3F4E /* Frameworks */ = {
			isa = PBXFrameworksBuildPhase;
			buildActionMask = 2147483647;
			files = (
			);
			runOnlyForDeploymentPostprocessing = 0;
		};
		13986AD4252F50E800FA3F4E /* Frameworks */ = {
			isa = PBXFrameworksBuildPhase;
			buildActionMask = 2147483647;
			files = (
			);
			runOnlyForDeploymentPostprocessing = 0;
		};
/* End PBXFrameworksBuildPhase section */

/* Begin PBXGroup section */
		13986AAD252F50E400FA3F4E = {
			isa = PBXGroup;
			children = (
				13986AB8252F50E400FA3F4E /* AskQuestion */,
				13986ACF252F50E800FA3F4E /* AskQuestionTests */,
				13986ADA252F50E800FA3F4E /* AskQuestionUITests */,
				13986AB7252F50E400FA3F4E /* Products */,
			);
			sourceTree = "<group>";
		};
		13986AB7252F50E400FA3F4E /* Products */ = {
			isa = PBXGroup;
			children = (
				13986AB6252F50E400FA3F4E /* AskQuestion.app */,
				13986ACC252F50E800FA3F4E /* AskQuestionTests.xctest */,
				13986AD7252F50E800FA3F4E /* AskQuestionUITests.xctest */,
			);
			name = Products;
			sourceTree = "<group>";
		};
		13986AB8252F50E400FA3F4E /* AskQuestion */ = {
			isa = PBXGroup;
			children = (
				13986AB9252F50E400FA3F4E /* AppDelegate.swift */,
				13986ABB252F50E500FA3F4E /* SceneDelegate.swift */,
				13986ABD252F50E500FA3F4E /* ViewController.swift */,
				13986ABF252F50E500FA3F4E /* Main.storyboard */,
				13986AC2252F50E700FA3F4E /* Assets.xcassets */,
				13986AC4252F50E700FA3F4E /* LaunchScreen.storyboard */,
				13986AC7252F50E700FA3F4E /* Info.plist */,
			);
			path = AskQuestion;
			sourceTree = "<group>";
		};
		13986ACF252F50E800FA3F4E /* AskQuestionTests */ = {
			isa = PBXGroup;
			children = (
				13986AD0252F50E800FA3F4E /* AskQuestionTests.swift */,
				13986AD2252F50E800FA3F4E /* Info.plist */,
			);
			path = AskQuestionTests;
			sourceTree = "<group>";
		};
		13986ADA252F50E800FA3F4E /* AskQuestionUITests */ = {
			isa = PBXGroup;
			children = (
				13986ADB252F50E800FA3F4E /* AskQuestionUITests.swift */,
				13986ADD252F50E800FA3F4E /* Info.plist */,
			);
			path = AskQuestionUITests;
			sourceTree = "<group>";
		};
/* End PBXGroup section */

/* Begin PBXNativeTarget section */
		13986AB5252F50E400FA3F4E /* AskQuestion */ = {
			isa = PBXNativeTarget;
			buildConfigurationList = 13986AE0252F50E800FA3F4E /* Build configuration list for PBXNativeTarget "AskQuestion" */;
			buildPhases = (
				13986AB2252F50E400FA3F4E /* Sources */,
				13986AB3252F50E400FA3F4E /* Frameworks */,
				13986AB4252F50E400FA3F4E /* Resources */,
			);
			buildRules = (
			);
			dependencies = (
			);
			name = AskQuestion;
			productName = AskQuestion;
			productReference = 13986AB6252F50E400FA3F4E /* AskQuestion.app */;
			productType = "com.apple.product-type.application";
		};
		13986ACB252F50E800FA3F4E /* AskQuestionTests */ = {
			isa = PBXNativeTarget;
			buildConfigurationList = 13986AE3252F50E800FA3F4E /* Build configuration list for PBXNativeTarget "AskQuestionTests" */;
			buildPhases = (
				13986AC8252F50E800FA3F4E /* Sources */,
				13986AC9252F50E800FA3F4E /* Frameworks */,
				13986ACA252F50E800FA3F4E /* Resources */,
			);
			buildRules = (
			);
			dependencies = (
				13986ACE252F50E800FA3F4E /* PBXTargetDependency */,
			);
			name = AskQuestionTests;
			productName = AskQuestionTests;
			productReference = 13986ACC252F50E800FA3F4E /* AskQuestionTests.xctest */;
			productType = "com.apple.product-type.bundle.unit-test";
		};
		13986AD6252F50E800FA3F4E /* AskQuestionUITests */ = {
			isa = PBXNativeTarget;
			buildConfigurationList = 13986AE6252F50E800FA3F4E /* Build configuration list for PBXNativeTarget "AskQuestionUITests" */;
			buildPhases = (
				13986AD3252F50E800FA3F4E /* Sources */,
				13986AD4252F50E800FA3F4E /* Frameworks */,
				13986AD5252F50E800FA3F4E /* Resources */,
			);
			buildRules = (
			);
			dependencies = (
				13986AD9252F50E800FA3F4E /* PBXTargetDependency */,
			);
			name = AskQuestionUITests;
			productName = AskQuestionUITests;
			productReference = 13986AD7252F50E800FA3F4E /* AskQuestionUITests.xctest */;
			productType = "com.apple.product-type.bundle.ui-testing";
		};
/* End PBXNativeTarget section */

/* Begin PBXProject section */
		13986AAE252F50E400FA3F4E /* Project object */ = {
			isa = PBXProject;
			attributes = {
				LastSwiftUpdateCheck = 1110;
				LastUpgradeCheck = 1110;
				ORGANIZATIONNAME = PogApps;
				TargetAttributes = {
					13986AB5252F50E400FA3F4E = {
						CreatedOnToolsVersion = 11.1;
					};
					13986ACB252F50E800FA3F4E = {
						CreatedOnToolsVersion = 11.1;
						TestTargetID = 13986AB5252F50E400FA3F4E;
					};
					13986AD6252F50E800FA3F4E = {
						CreatedOnToolsVersion = 11.1;
						TestTargetID = 13986AB5252F50E400FA3F4E;
					};
				};
			};
			buildConfigurationList = 13986AB1252F50E400FA3F4E /* Build configuration list for PBXProject "AskQuestion" */;
			compatibilityVersion = "Xcode 9.3";
			developmentRegion = en;
			hasScannedForEncodings = 0;
			knownRegions = (
				en,
				Base,
			);
			mainGroup = 13986AAD252F50E400FA3F4E;
			productRefGroup = 13986AB7252F50E400FA3F4E /* Products */;
			projectDirPath = "";
			projectRoot = "";
			targets = (
				13986AB5252F50E400FA3F4E /* AskQuestion */,
				13986ACB252F50E800FA3F4E /* AskQuestionTests */,
				13986AD6252F50E800FA3F4E /* AskQuestionUITests */,
			);
		};
/* End PBXProject section */

/* Begin PBXResourcesBuildPhase section */
		13986AB4252F50E400FA3F4E /* Resources */ = {
			isa = PBXResourcesBuildPhase;
			buildActionMask = 2147483647;
			files = (
				13986AC6252F50E700FA3F4E /* LaunchScreen.storyboard in Resources */,
				13986AC3252F50E700FA3F4E /* Assets.xcassets in Resources */,
				13986AC1252F50E500FA3F4E /* Main.storyboard in Resources */,
			);
			runOnlyForDeploymentPostprocessing = 0;
		};
		13986ACA252F50E800FA3F4E /* Resources */ = {
			isa = PBXResourcesBuildPhase;
			buildActionMask = 2147483647;
			files = (
			);
			runOnlyForDeploymentPostprocessing = 0;
		};
		13986AD5252F50E800FA3F4E /* Resources */ = {
			isa = PBXResourcesBuildPhase;
			buildActionMask = 2147483647;
			files = (
			);
			runOnlyForDeploymentPostprocessing = 0;
		};
/* End PBXResourcesBuildPhase section */

/* Begin PBXSourcesBuildPhase section */
		13986AB2252F50E400FA3F4E /* Sources */ = {
			isa = PBXSourcesBuildPhase;
			buildActionMask = 2147483647;
			files = (
				13986ABE252F50E500FA3F4E /* ViewController.swift in Sources */,
				13986ABA252F50E500FA3F4E /* AppDelegate.swift in Sources */,
				13986ABC252F50E500FA3F4E /* SceneDelegate.swift in Sources */,
			);
			runOnlyForDeploymentPostprocessing = 0;
		};
		13986AC8252F50E800FA3F4E /* Sources */ = {
			isa = PBXSourcesBuildPhase;
			buildActionMask = 2147483647;
			files = (
				13986AD1252F50E800FA3F4E /* AskQuestionTests.swift in Sources */,
			);
			runOnlyForDeploymentPostprocessing = 0;
		};
		13986AD3252F50E800FA3F4E /* Sources */ = {
			isa = PBXSourcesBuildPhase;
			buildActionMask = 2147483647;
			files = (
				13986ADC252F50E800FA3F4E /* AskQuestionUITests.swift in Sources */,
			);
			runOnlyForDeploymentPostprocessing = 0;
		};
/* End PBXSourcesBuildPhase section */

/* Begin PBXTargetDependency section */
		13986ACE252F50E800FA3F4E /* PBXTargetDependency */ = {
			isa = PBXTargetDependency;
			target = 13986AB5252F50E400FA3F4E /* AskQuestion */;
			targetProxy = 13986ACD252F50E800FA3F4E /* PBXContainerItemProxy */;
		};
		13986AD9252F50E800FA3F4E /* PBXTargetDependency */ = {
			isa = PBXTargetDependency;
			target = 13986AB5252F50E400FA3F4E /* AskQuestion */;
			targetProxy = 13986AD8252F50E800FA3F4E /* PBXContainerItemProxy */;
		};
/* End PBXTargetDependency section */

/* Begin PBXVariantGroup section */
		13986ABF252F50E500FA3F4E /* Main.storyboard */ = {
			isa = PBXVariantGroup;
			children = (
				13986AC0252F50E500FA3F4E /* Base */,
			);
			name = Main.storyboard;
			sourceTree = "<group>";
		};
		13986AC4252F50E700FA3F4E /* LaunchScreen.storyboard */ = {
			isa = PBXVariantGroup;
			children = (
				13986AC5252F50E700FA3F4E /* Base */,
			);
			name = LaunchScreen.storyboard;
			sourceTree = "<group>";
		};
/* End PBXVariantGroup section */

/* Begin XCBuildConfiguration section */
		13986ADE252F50E800FA3F4E /* Debug */ = {
			isa = XCBuildConfiguration;
			buildSettings = {
				ALWAYS_SEARCH_USER_PATHS = NO;
				CLANG_ANALYZER_NONNULL = YES;
				CLANG_ANALYZER_NUMBER_OBJECT_CONVERSION = YES_AGGRESSIVE;
				CLANG_CXX_LANGUAGE_STANDARD = "gnu++14";
				CLANG_CXX_LIBRARY = "libc++";
				CLANG_ENABLE_MODULES = YES;
				CLANG_ENABLE_OBJC_ARC = YES;
				CLANG_ENABLE_OBJC_WEAK = YES;
				CLANG_WARN_BLOCK_CAPTURE_AUTORELEASING = YES;
				CLANG_WARN_BOOL_CONVERSION = YES;
				CLANG_WARN_COMMA = YES;
				CLANG_WARN_CONSTANT_CONVERSION = YES;
				CLANG_WARN_DEPRECATED_OBJC_IMPLEMENTATIONS = YES;
				CLANG_WARN_DIRECT_OBJC_ISA_USAGE = YES_ERROR;
				CLANG_WARN_DOCUMENTATION_COMMENTS = YES;
				CLANG_WARN_EMPTY_BODY = YES;
				CLANG_WARN_ENUM_CONVERSION = YES;
				CLANG_WARN_INFINITE_RECURSION = YES;
				CLANG_WARN_INT_CONVERSION = YES;
				CLANG_WARN_NON_LITERAL_NULL_CONVERSION = YES;
				CLANG_WARN_OBJC_IMPLICIT_RETAIN_SELF = YES;
				CLANG_WARN_OBJC_LITERAL_CONVERSION = YES;
				CLANG_WARN_OBJC_ROOT_CLASS = YES_ERROR;
				CLANG_WARN_RANGE_LOOP_ANALYSIS = YES;
				CLANG_WARN_STRICT_PROTOTYPES = YES;
				CLANG_WARN_SUSPICIOUS_MOVE = YES;
				CLANG_WARN_UNGUARDED_AVAILABILITY = YES_AGGRESSIVE;
				CLANG_WARN_UNREACHABLE_CODE = YES;
				CLANG_WARN__DUPLICATE_METHOD_MATCH = YES;
				COPY_PHASE_STRIP = NO;
				DEBUG_INFORMATION_FORMAT = dwarf;
				ENABLE_STRICT_OBJC_MSGSEND = YES;
				ENABLE_TESTABILITY = YES;
				GCC_C_LANGUAGE_STANDARD = gnu11;
				GCC_DYNAMIC_NO_PIC = NO;
				GCC_NO_COMMON_BLOCKS = YES;
				GCC_OPTIMIZATION_LEVEL = 0;
				GCC_PREPROCESSOR_DEFINITIONS = (
					"DEBUG=1",
					"$(inherited)",
				);
				GCC_WARN_64_TO_32_BIT_CONVERSION = YES;
				GCC_WARN_ABOUT_RETURN_TYPE = YES_ERROR;
				GCC_WARN_UNDECLARED_SELECTOR = YES;
				GCC_WARN_UNINITIALIZED_AUTOS = YES_AGGRESSIVE;
				GCC_WARN_UNUSED_FUNCTION = YES;
				GCC_WARN_UNUSED_VARIABLE = YES;
				IPHONEOS_DEPLOYMENT_TARGET = 13.1;
				MTL_ENABLE_DEBUG_INFO = INCLUDE_SOURCE;
				MTL_FAST_MATH = YES;
				ONLY_ACTIVE_ARCH = YES;
				SDKROOT = iphoneos;
				SWIFT_ACTIVE_COMPILATION_CONDITIONS = DEBUG;
				SWIFT_OPTIMIZATION_LEVEL = "-Onone";
			};
			name = Debug;
		};
		13986ADF252F50E800FA3F4E /* Release */ = {
			isa = XCBuildConfiguration;
			buildSettings = {
				ALWAYS_SEARCH_USER_PATHS = NO;
				CLANG_ANALYZER_NONNULL = YES;
				CLANG_ANALYZER_NUMBER_OBJECT_CONVERSION = YES_AGGRESSIVE;
				CLANG_CXX_LANGUAGE_STANDARD = "gnu++14";
				CLANG_CXX_LIBRARY = "libc++";
				CLANG_ENABLE_MODULES = YES;
				CLANG_ENABLE_OBJC_ARC = YES;
				CLANG_ENABLE_OBJC_WEAK = YES;
				CLANG_WARN_BLOCK_CAPTURE_AUTORELEASING = YES;
				CLANG_WARN_BOOL_CONVERSION = YES;
				CLANG_WARN_COMMA = YES;
				CLANG_WARN_CONSTANT_CONVERSION = YES;
				CLANG_WARN_DEPRECATED_OBJC_IMPLEMENTATIONS = YES;
				CLANG_WARN_DIRECT_OBJC_ISA_USAGE = YES_ERROR;
				CLANG_WARN_DOCUMENTATION_COMMENTS = YES;
				CLANG_WARN_EMPTY_BODY = YES;
				CLANG_WARN_ENUM_CONVERSION = YES;
				CLANG_WARN_INFINITE_RECURSION = YES;
				CLANG_WARN_INT_CONVERSION = YES;
				CLANG_WARN_NON_LITERAL_NULL_CONVERSION = YES;
				CLANG_WARN_OBJC_IMPLICIT_RETAIN_SELF = YES;
				CLANG_WARN_OBJC_LITERAL_CONVERSION = YES;
				CLANG_WARN_OBJC_ROOT_CLASS = YES_ERROR;
				CLANG_WARN_RANGE_LOOP_ANALYSIS = YES;
				CLANG_WARN_STRICT_PROTOTYPES = YES;
				CLANG_WARN_SUSPICIOUS_MOVE = YES;
				CLANG_WARN_UNGUARDED_AVAILABILITY = YES_AGGRESSIVE;
				CLANG_WARN_UNREACHABLE_CODE = YES;
				CLANG_WARN__DUPLICATE_METHOD_MATCH = YES;
				COPY_PHASE_STRIP = NO;
				DEBUG_INFORMATION_FORMAT = "dwarf-with-dsym";
				ENABLE_NS_ASSERTIONS = NO;
				ENABLE_STRICT_OBJC_MSGSEND = YES;
				GCC_C_LANGUAGE_STANDARD = gnu11;
				GCC_NO_COMMON_BLOCKS = YES;
				GCC_WARN_64_TO_32_BIT_CONVERSION = YES;
				GCC_WARN_ABOUT_RETURN_TYPE = YES_ERROR;
				GCC_WARN_UNDECLARED_SELECTOR = YES;
				GCC_WARN_UNINITIALIZED_AUTOS = YES_AGGRESSIVE;
				GCC_WARN_UNUSED_FUNCTION = YES;
				GCC_WARN_UNUSED_VARIABLE = YES;
				IPHONEOS_DEPLOYMENT_TARGET = 13.1;
				MTL_ENABLE_DEBUG_INFO = NO;
				MTL_FAST_MATH = YES;
				SDKROOT = iphoneos;
				SWIFT_COMPILATION_MODE = wholemodule;
				SWIFT_OPTIMIZATION_LEVEL = "-O";
				VALIDATE_PRODUCT = YES;
			};
			name = Release;
		};
		13986AE1252F50E800FA3F4E /* Debug */ = {
			isa = XCBuildConfiguration;
			buildSettings = {
				ASSETCATALOG_COMPILER_APPICON_NAME = AppIcon;
				CODE_SIGN_STYLE = Automatic;
				INFOPLIST_FILE = AskQuestion/Info.plist;
				LD_RUNPATH_SEARCH_PATHS = (
					"$(inherited)",
					"@executable_path/Frameworks",
				);
				PRODUCT_BUNDLE_IDENTIFIER = com.PogApps.AskQuestion;
				PRODUCT_NAME = "$(TARGET_NAME)";
				SWIFT_VERSION = 5.0;
				TARGETED_DEVICE_FAMILY = "1,2";
			};
			name = Debug;
		};
		13986AE2252F50E800FA3F4E /* Release */ = {
			isa = XCBuildConfiguration;
			buildSettings = {
				ASSETCATALOG_COMPILER_APPICON_NAME = AppIcon;
				CODE_SIGN_STYLE = Automatic;
				INFOPLIST_FILE = AskQuestion/Info.plist;
				LD_RUNPATH_SEARCH_PATHS = (
					"$(inherited)",
					"@executable_path/Frameworks",
				);
				PRODUCT_BUNDLE_IDENTIFIER = com.PogApps.AskQuestion;
				PRODUCT_NAME = "$(TARGET_NAME)";
				SWIFT_VERSION = 5.0;
				TARGETED_DEVICE_FAMILY = "1,2";
			};
			name = Release;
		};
		13986AE4252F50E800FA3F4E /* Debug */ = {
			isa = XCBuildConfiguration;
			buildSettings = {
				ALWAYS_EMBED_SWIFT_STANDARD_LIBRARIES = YES;
				BUNDLE_LOADER = "$(TEST_HOST)";
				CODE_SIGN_STYLE = Automatic;
				INFOPLIST_FILE = AskQuestionTests/Info.plist;
				IPHONEOS_DEPLOYMENT_TARGET = 13.1;
				LD_RUNPATH_SEARCH_PATHS = (
					"$(inherited)",
					"@executable_path/Frameworks",
					"@loader_path/Frameworks",
				);
				PRODUCT_BUNDLE_IDENTIFIER = com.PogApps.AskQuestionTests;
				PRODUCT_NAME = "$(TARGET_NAME)";
				SWIFT_VERSION = 5.0;
				TARGETED_DEVICE_FAMILY = "1,2";
				TEST_HOST = "$(BUILT_PRODUCTS_DIR)/AskQuestion.app/AskQuestion";
			};
			name = Debug;
		};
		13986AE5252F50E800FA3F4E /* Release */ = {
			isa = XCBuildConfiguration;
			buildSettings = {
				ALWAYS_EMBED_SWIFT_STANDARD_LIBRARIES = YES;
				BUNDLE_LOADER = "$(TEST_HOST)";
				CODE_SIGN_STYLE = Automatic;
				INFOPLIST_FILE = AskQuestionTests/Info.plist;
				IPHONEOS_DEPLOYMENT_TARGET = 13.1;
				LD_RUNPATH_SEARCH_PATHS = (
					"$(inherited)",
					"@executable_path/Frameworks",
					"@loader_path/Frameworks",
				);
				PRODUCT_BUNDLE_IDENTIFIER = com.PogApps.AskQuestionTests;
				PRODUCT_NAME = "$(TARGET_NAME)";
				SWIFT_VERSION = 5.0;
				TARGETED_DEVICE_FAMILY = "1,2";
				TEST_HOST = "$(BUILT_PRODUCTS_DIR)/AskQuestion.app/AskQuestion";
			};
			name = Release;
		};
		13986AE7252F50E800FA3F4E /* Debug */ = {
			isa = XCBuildConfiguration;
			buildSettings = {
				ALWAYS_EMBED_SWIFT_STANDARD_LIBRARIES = YES;
				CODE_SIGN_STYLE = Automatic;
				INFOPLIST_FILE = AskQuestionUITests/Info.plist;
				LD_RUNPATH_SEARCH_PATHS = (
					"$(inherited)",
					"@executable_path/Frameworks",
					"@loader_path/Frameworks",
				);
				PRODUCT_BUNDLE_IDENTIFIER = com.PogApps.AskQuestionUITests;
				PRODUCT_NAME = "$(TARGET_NAME)";
				SWIFT_VERSION = 5.0;
				TARGETED_DEVICE_FAMILY = "1,2";
				TEST_TARGET_NAME = AskQuestion;
			};
			name = Debug;
		};
		13986AE8252F50E800FA3F4E /* Release */ = {
			isa = XCBuildConfiguration;
			buildSettings = {
				ALWAYS_EMBED_SWIFT_STANDARD_LIBRARIES = YES;
				CODE_SIGN_STYLE = Automatic;
				INFOPLIST_FILE = AskQuestionUITests/Info.plist;
				LD_RUNPATH_SEARCH_PATHS = (
					"$(inherited)",
					"@executable_path/Frameworks",
					"@loader_path/Frameworks",
				);
				PRODUCT_BUNDLE_IDENTIFIER = com.PogApps.AskQuestionUITests;
				PRODUCT_NAME = "$(TARGET_NAME)";
				SWIFT_VERSION = 5.0;
				TARGETED_DEVICE_FAMILY = "1,2";
				TEST_TARGET_NAME = AskQuestion;
			};
			name = Release;
		};
/* End XCBuildConfiguration section */

/* Begin XCConfigurationList section */
		13986AB1252F50E400FA3F4E /* Build configuration list for PBXProject "AskQuestion" */ = {
			isa = XCConfigurationList;
			buildConfigurations = (
				13986ADE252F50E800FA3F4E /* Debug */,
				13986ADF252F50E800FA3F4E /* Release */,
			);
			defaultConfigurationIsVisible = 0;
			defaultConfigurationName = Release;
		};
		13986AE0252F50E800FA3F4E /* Build configuration list for PBXNativeTarget "AskQuestion" */ = {
			isa = XCConfigurationList;
			buildConfigurations = (
				13986AE1252F50E800FA3F4E /* Debug */,
				13986AE2252F50E800FA3F4E /* Release */,
			);
			defaultConfigurationIsVisible = 0;
			defaultConfigurationName = Release;
		};
		13986AE3252F50E800FA3F4E /* Build configuration list for PBXNativeTarget "AskQuestionTests" */ = {
			isa = XCConfigurationList;
			buildConfigurations = (
				13986AE4252F50E800FA3F4E /* Debug */,
				13986AE5252F50E800FA3F4E /* Release */,
			);
			defaultConfigurationIsVisible = 0;
			defaultConfigurationName = Release;
		};
		13986AE6252F50E800FA3F4E /* Build configuration list for PBXNativeTarget "AskQuestionUITests" */ = {
			isa = XCConfigurationList;
			buildConfigurations = (
				13986AE7252F50E800FA3F4E /* Debug */,
				13986AE8252F50E800FA3F4E /* Release */,
			);
			defaultConfigurationIsVisible = 0;
			defaultConfigurationName = Release;
		};
/* End XCConfigurationList section */
	};
	rootObject = 13986AAE252F50E400FA3F4E /* Project object */;
}
